
Microsoft Visual Studio Solution File, Format Version 12.00
# Visual Studio 15
VisualStudioVersion = 15.0.28307.1000
MinimumVisualStudioVersion = 10.0.40219.1
Project("{FAE04EC0-301F-11D3-BF4B-00C04F79EFBC}") = "WindowsFormsApp1", "WindowsFormsApp1\WindowsFormsApp1.csproj", "{DCA629FE-2E72-40BD-8859-00219FB562DE}"
EndProject
Global
	GlobalSection(SolutionConfigurationPlatforms) = preSolution
		Debug|Any CPU = Debug|Any CPU
		Release|Any CPU = Release|Any CPU
	EndGlobalSection
	GlobalSection(ProjectConfigurationPlatforms) = postSolution
		{DCA629FE-2E72-40BD-8859-00219FB562DE}.Debug|Any CPU.ActiveCfg = Debug|Any CPU
		{DCA629FE-2E72-40BD-8859-00219FB562DE}.Debug|Any CPU.Build.0 = Debug|Any CPU
		{DCA629FE-2E72-40BD-8859-00219FB562DE}.Release|Any CPU.ActiveCfg = Release|Any CPU
		{DCA629FE-2E72-40BD-8859-00219FB562DE}.Release|Any CPU.Build.0 = Release|Any CPU
	EndGlobalSection
	GlobalSection(SolutionProperties) = preSolution
		HideSolutionNode = FALSE
	EndGlobalSection
	GlobalSection(ExtensibilityGlobals) = postSolution
		SolutionGuid = {C949159C-9A5C-4747-8CDB-B22A3070F359}
	EndGlobalSection
EndGlobal
